
Microsoft Visual Studio Solution File, Format Version 12.00
# Visual Studio 15
Project("{FAE04EC0-301F-11D3-BF4B-00C04F79EFBC}") = "Assembly-CSharp-Editor-firstpass", "Assembly-CSharp-Editor-firstpass.csproj", "{9BDF4A5B-C9E0-3340-B87B-629781A13E7A}"
EndProject
Global
	GlobalSection(SolutionConfigurationPlatforms) = preSolution
		Debug|Any CPU = Debug|Any CPU
		Release|Any CPU = Release|Any CPU
	EndGlobalSection
	GlobalSection(ProjectConfigurationPlatforms) = postSolution
		{9BDF4A5B-C9E0-3340-B87B-629781A13E7A}.Debug|Any CPU.ActiveCfg = Debug|Any CPU
		{9BDF4A5B-C9E0-3340-B87B-629781A13E7A}.Debug|Any CPU.Build.0 = Debug|Any CPU
		{9BDF4A5B-C9E0-3340-B87B-629781A13E7A}.Release|Any CPU.ActiveCfg = Release|Any CPU
		{9BDF4A5B-C9E0-3340-B87B-629781A13E7A}.Release|Any CPU.Build.0 = Release|Any CPU
	EndGlobalSection
	GlobalSection(SolutionProperties) = preSolution
		HideSolutionNode = FALSE
	EndGlobalSection
EndGlobal
